// !$*UTF8*$!
{
	archiveVersion = 1;
	classes = {
	};
	objectVersion = 77;
	objects = {

/* Begin PBXBuildFile section */
		F55C48862E4A2C530027946B /* AuthToken.swift in Sources */ = {isa = PBXBuildFile; fileRef = F55C48852E4A2C530027946B /* AuthToken.swift */; };
		F55C48882E4A469D0027946B /* Course.swift in Sources */ = {isa = PBXBuildFile; fileRef = F55C48872E4A469D0027946B /* Course.swift */; };
		F5B0B46C2E44EAEB003562E0 /* Assets.xcassets in Resources */ = {isa = PBXBuildFile; fileRef = F5B0B4672E44EAEB003562E0 /* Assets.xcassets */; };
		F5B0B46D2E44EAEB003562E0 /* Assignment.swift in Sources */ = {isa = PBXBuildFile; fileRef = F5B0B4682E44EAEB003562E0 /* Assignment.swift */; };
		F5B0B46E2E44EAEB003562E0 /* ContentView.swift in Sources */ = {isa = PBXBuildFile; fileRef = F5B0B4692E44EAEB003562E0 /* ContentView.swift */; };
		F5B0B46F2E44EAEB003562E0 /* methodiqalApp.swift in Sources */ = {isa = PBXBuildFile; fileRef = F5B0B46A2E44EAEB003562E0 /* methodiqalApp.swift */; };
		F5B0B4712E44EBD6003562E0 /* Canvas.swift in Sources */ = {isa = PBXBuildFile; fileRef = F5B0B4702E44EBD6003562E0 /* Canvas.swift */; };
		F5BCD2A42E4A4DB0003AEAC6 /* LmsAccountStore.swift in Sources */ = {isa = PBXBuildFile; fileRef = F5BCD2A32E4A4DB0003AEAC6 /* LmsAccountStore.swift */; };
		F5BCD2A62E4A4E32003AEAC6 /* LmsAccountStoreKeychain.swift in Sources */ = {isa = PBXBuildFile; fileRef = F5BCD2A52E4A4E32003AEAC6 /* LmsAccountStoreKeychain.swift */; };
		F5BCD2A82E4A54E0003AEAC6 /* AssignmentStore.swift in Sources */ = {isa = PBXBuildFile; fileRef = F5BCD2A72E4A54E0003AEAC6 /* AssignmentStore.swift */; };
		F5BCD2AA2E4A59A1003AEAC6 /* SettingsView.swift in Sources */ = {isa = PBXBuildFile; fileRef = F5BCD2A92E4A59A1003AEAC6 /* SettingsView.swift */; };
		F5BCD2B22E4A5C00003AEAC6 /* LmsAccountManager.swift in Sources */ = {isa = PBXBuildFile; fileRef = F5BCD2B12E4A5C00003AEAC6 /* LmsAccountManager.swift */; };
		F5BCD2B42E4A5D6C003AEAC6 /* LmsAccountCreateView.swift in Sources */ = {isa = PBXBuildFile; fileRef = F5BCD2B32E4A5D6C003AEAC6 /* LmsAccountCreateView.swift */; };
		F5C8D9542E47827500E47FD1 /* AssignmentRunner.swift in Sources */ = {isa = PBXBuildFile; fileRef = F5C8D9532E47827500E47FD1 /* AssignmentRunner.swift */; };
		F5C8D9562E47873600E47FD1 /* SharedSession.swift in Sources */ = {isa = PBXBuildFile; fileRef = F5C8D9552E47873600E47FD1 /* SharedSession.swift */; };
		F5C8D9582E47883D00E47FD1 /* LoginView.swift in Sources */ = {isa = PBXBuildFile; fileRef = F5C8D9572E47883D00E47FD1 /* LoginView.swift */; };
		F5C8D95A2E4788F900E47FD1 /* LoginController.swift in Sources */ = {isa = PBXBuildFile; fileRef = F5C8D9592E4788F900E47FD1 /* LoginController.swift */; };
/* End PBXBuildFile section */

/* Begin PBXFileReference section */
		F55C48852E4A2C530027946B /* AuthToken.swift */ = {isa = PBXFileReference; lastKnownFileType = sourcecode.swift; path = AuthToken.swift; sourceTree = "<group>"; };
		F55C48872E4A469D0027946B /* Course.swift */ = {isa = PBXFileReference; lastKnownFileType = sourcecode.swift; path = Course.swift; sourceTree = "<group>"; };
		F5B0B4672E44EAEB003562E0 /* Assets.xcassets */ = {isa = PBXFileReference; lastKnownFileType = folder.assetcatalog; path = Assets.xcassets; sourceTree = "<group>"; };
		F5B0B4682E44EAEB003562E0 /* Assignment.swift */ = {isa = PBXFileReference; lastKnownFileType = sourcecode.swift; path = Assignment.swift; sourceTree = "<group>"; };
		F5B0B4692E44EAEB003562E0 /* ContentView.swift */ = {isa = PBXFileReference; lastKnownFileType = sourcecode.swift; path = ContentView.swift; sourceTree = "<group>"; };
		F5B0B46A2E44EAEB003562E0 /* methodiqalApp.swift */ = {isa = PBXFileReference; lastKnownFileType = sourcecode.swift; path = methodiqalApp.swift; sourceTree = "<group>"; };
		F5B0B4702E44EBD6003562E0 /* Canvas.swift */ = {isa = PBXFileReference; lastKnownFileType = sourcecode.swift; path = Canvas.swift; sourceTree = "<group>"; };
		F5BCD2A32E4A4DB0003AEAC6 /* LmsAccountStore.swift */ = {isa = PBXFileReference; lastKnownFileType = sourcecode.swift; path = LmsAccountStore.swift; sourceTree = "<group>"; };
		F5BCD2A52E4A4E32003AEAC6 /* LmsAccountStoreKeychain.swift */ = {isa = PBXFileReference; lastKnownFileType = sourcecode.swift; path = LmsAccountStoreKeychain.swift; sourceTree = "<group>"; };
		F5BCD2A72E4A54E0003AEAC6 /* AssignmentStore.swift */ = {isa = PBXFileReference; lastKnownFileType = sourcecode.swift; path = AssignmentStore.swift; sourceTree = "<group>"; };
		F5BCD2A92E4A59A1003AEAC6 /* SettingsView.swift */ = {isa = PBXFileReference; lastKnownFileType = sourcecode.swift; path = SettingsView.swift; sourceTree = "<group>"; };
		F5BCD2B12E4A5C00003AEAC6 /* LmsAccountManager.swift */ = {isa = PBXFileReference; lastKnownFileType = sourcecode.swift; path = LmsAccountManager.swift; sourceTree = "<group>"; };
		F5BCD2B32E4A5D6C003AEAC6 /* LmsAccountCreateView.swift */ = {isa = PBXFileReference; lastKnownFileType = sourcecode.swift; path = LmsAccountCreateView.swift; sourceTree = "<group>"; };
		F5C8D9532E47827500E47FD1 /* AssignmentRunner.swift */ = {isa = PBXFileReference; lastKnownFileType = sourcecode.swift; path = AssignmentRunner.swift; sourceTree = "<group>"; };
		F5C8D9552E47873600E47FD1 /* SharedSession.swift */ = {isa = PBXFileReference; lastKnownFileType = sourcecode.swift; path = SharedSession.swift; sourceTree = "<group>"; };
		F5C8D9572E47883D00E47FD1 /* LoginView.swift */ = {isa = PBXFileReference; lastKnownFileType = sourcecode.swift; path = LoginView.swift; sourceTree = "<group>"; };
		F5C8D9592E4788F900E47FD1 /* LoginController.swift */ = {isa = PBXFileReference; lastKnownFileType = sourcecode.swift; path = LoginController.swift; sourceTree = "<group>"; };
		F5EC46CA2E346113003F9BBF /* methodiqal.app */ = {isa = PBXFileReference; explicitFileType = wrapper.application; includeInIndex = 0; path = methodiqal.app; sourceTree = BUILT_PRODUCTS_DIR; };
/* End PBXFileReference section */

/* Begin PBXFrameworksBuildPhase section */
		F5EC46C72E346113003F9BBF /* Frameworks */ = {
			isa = PBXFrameworksBuildPhase;
			buildActionMask = 2147483647;
			files = (
			);
			runOnlyForDeploymentPostprocessing = 0;
		};
/* End PBXFrameworksBuildPhase section */

/* Begin PBXGroup section */
		F5B0B46B2E44EAEB003562E0 /* methodiqal */ = {
			isa = PBXGroup;
			children = (
				F5B0B4672E44EAEB003562E0 /* Assets.xcassets */,
				F5B0B46A2E44EAEB003562E0 /* methodiqalApp.swift */,
				F5B0B4692E44EAEB003562E0 /* ContentView.swift */,
				F5C8D9572E47883D00E47FD1 /* LoginView.swift */,
				F5C8D9592E4788F900E47FD1 /* LoginController.swift */,
				F5BCD2A92E4A59A1003AEAC6 /* SettingsView.swift */,
				F5BCD2B12E4A5C00003AEAC6 /* LmsAccountManager.swift */,
				F5BCD2B32E4A5D6C003AEAC6 /* LmsAccountCreateView.swift */,
				F5B0B4682E44EAEB003562E0 /* Assignment.swift */,
				F55C48872E4A469D0027946B /* Course.swift */,
				F5B0B4702E44EBD6003562E0 /* Canvas.swift */,
				F5C8D9532E47827500E47FD1 /* AssignmentRunner.swift */,
				F55C48852E4A2C530027946B /* AuthToken.swift */,
				F5BCD2A32E4A4DB0003AEAC6 /* LmsAccountStore.swift */,
				F5BCD2A52E4A4E32003AEAC6 /* LmsAccountStoreKeychain.swift */,
				F5BCD2A72E4A54E0003AEAC6 /* AssignmentStore.swift */,
				F5C8D9552E47873600E47FD1 /* SharedSession.swift */,
			);
			path = methodiqal;
			sourceTree = "<group>";
		};
		F5EC46C12E346113003F9BBF = {
			isa = PBXGroup;
			children = (
				F5B0B46B2E44EAEB003562E0 /* methodiqal */,
				F5EC46CB2E346113003F9BBF /* Products */,
			);
			sourceTree = "<group>";
		};
		F5EC46CB2E346113003F9BBF /* Products */ = {
			isa = PBXGroup;
			children = (
				F5EC46CA2E346113003F9BBF /* methodiqal.app */,
			);
			name = Products;
			sourceTree = "<group>";
		};
/* End PBXGroup section */

/* Begin PBXNativeTarget section */
		F5EC46C92E346113003F9BBF /* methodiqal */ = {
			isa = PBXNativeTarget;
			buildConfigurationList = F5EC46D52E346114003F9BBF /* Build configuration list for PBXNativeTarget "methodiqal" */;
			buildPhases = (
				F5EC46C62E346113003F9BBF /* Sources */,
				F5EC46C72E346113003F9BBF /* Frameworks */,
				F5EC46C82E346113003F9BBF /* Resources */,
			);
			buildRules = (
			);
			dependencies = (
			);
			name = methodiqal;
			packageProductDependencies = (
			);
			productName = methodiqal;
			productReference = F5EC46CA2E346113003F9BBF /* methodiqal.app */;
			productType = "com.apple.product-type.application";
		};
/* End PBXNativeTarget section */

/* Begin PBXProject section */
		F5EC46C22E346113003F9BBF /* Project object */ = {
			isa = PBXProject;
			attributes = {
				BuildIndependentTargetsInParallel = 1;
				LastSwiftUpdateCheck = 1630;
				LastUpgradeCheck = 1630;
				TargetAttributes = {
					F5EC46C92E346113003F9BBF = {
						CreatedOnToolsVersion = 16.3;
					};
				};
			};
			buildConfigurationList = F5EC46C52E346113003F9BBF /* Build configuration list for PBXProject "methodiqal" */;
			developmentRegion = en;
			hasScannedForEncodings = 0;
			knownRegions = (
				en,
				Base,
			);
			mainGroup = F5EC46C12E346113003F9BBF;
			minimizedProjectReferenceProxies = 1;
			preferredProjectObjectVersion = 77;
			productRefGroup = F5EC46CB2E346113003F9BBF /* Products */;
			projectDirPath = "";
			projectRoot = "";
			targets = (
				F5EC46C92E346113003F9BBF /* methodiqal */,
			);
		};
/* End PBXProject section */

/* Begin PBXResourcesBuildPhase section */
		F5EC46C82E346113003F9BBF /* Resources */ = {
			isa = PBXResourcesBuildPhase;
			buildActionMask = 2147483647;
			files = (
				F5B0B46C2E44EAEB003562E0 /* Assets.xcassets in Resources */,
			);
			runOnlyForDeploymentPostprocessing = 0;
		};
/* End PBXResourcesBuildPhase section */

/* Begin PBXSourcesBuildPhase section */
		F5EC46C62E346113003F9BBF /* Sources */ = {
			isa = PBXSourcesBuildPhase;
			buildActionMask = 2147483647;
			files = (
				F5B0B46D2E44EAEB003562E0 /* Assignment.swift in Sources */,
				F5BCD2A42E4A4DB0003AEAC6 /* LmsAccountStore.swift in Sources */,
				F5C8D9582E47883D00E47FD1 /* LoginView.swift in Sources */,
				F55C48882E4A469D0027946B /* Course.swift in Sources */,
				F5BCD2A62E4A4E32003AEAC6 /* LmsAccountStoreKeychain.swift in Sources */,
				F5C8D9542E47827500E47FD1 /* AssignmentRunner.swift in Sources */,
				F5B0B46E2E44EAEB003562E0 /* ContentView.swift in Sources */,
				F5BCD2AA2E4A59A1003AEAC6 /* SettingsView.swift in Sources */,
				F5C8D9562E47873600E47FD1 /* SharedSession.swift in Sources */,
				F5C8D95A2E4788F900E47FD1 /* LoginController.swift in Sources */,
				F5BCD2B22E4A5C00003AEAC6 /* LmsAccountManager.swift in Sources */,
				F5BCD2A82E4A54E0003AEAC6 /* AssignmentStore.swift in Sources */,
				F5B0B46F2E44EAEB003562E0 /* methodiqalApp.swift in Sources */,
				F5BCD2B42E4A5D6C003AEAC6 /* LmsAccountCreateView.swift in Sources */,
				F5B0B4712E44EBD6003562E0 /* Canvas.swift in Sources */,
				F55C48862E4A2C530027946B /* AuthToken.swift in Sources */,
			);
			runOnlyForDeploymentPostprocessing = 0;
		};
/* End PBXSourcesBuildPhase section */

/* Begin XCBuildConfiguration section */
		F5EC46D32E346114003F9BBF /* Debug */ = {
			isa = XCBuildConfiguration;
			buildSettings = {
				ALWAYS_SEARCH_USER_PATHS = NO;
				ASSETCATALOG_COMPILER_GENERATE_SWIFT_ASSET_SYMBOL_EXTENSIONS = YES;
				CLANG_ANALYZER_NONNULL = YES;
				CLANG_ANALYZER_NUMBER_OBJECT_CONVERSION = YES_AGGRESSIVE;
				CLANG_CXX_LANGUAGE_STANDARD = "gnu++20";
				CLANG_ENABLE_MODULES = YES;
				CLANG_ENABLE_OBJC_ARC = YES;
				CLANG_ENABLE_OBJC_WEAK = YES;
				CLANG_WARN_BLOCK_CAPTURE_AUTORELEASING = YES;
				CLANG_WARN_BOOL_CONVERSION = YES;
				CLANG_WARN_COMMA = YES;
				CLANG_WARN_CONSTANT_CONVERSION = YES;
				CLANG_WARN_DEPRECATED_OBJC_IMPLEMENTATIONS = YES;
				CLANG_WARN_DIRECT_OBJC_ISA_USAGE = YES_ERROR;
				CLANG_WARN_DOCUMENTATION_COMMENTS = YES;
				CLANG_WARN_EMPTY_BODY = YES;
				CLANG_WARN_ENUM_CONVERSION = YES;
				CLANG_WARN_INFINITE_RECURSION = YES;
				CLANG_WARN_INT_CONVERSION = YES;
				CLANG_WARN_NON_LITERAL_NULL_CONVERSION = YES;
				CLANG_WARN_OBJC_IMPLICIT_RETAIN_SELF = YES;
				CLANG_WARN_OBJC_LITERAL_CONVERSION = YES;
				CLANG_WARN_OBJC_ROOT_CLASS = YES_ERROR;
				CLANG_WARN_QUOTED_INCLUDE_IN_FRAMEWORK_HEADER = YES;
				CLANG_WARN_RANGE_LOOP_ANALYSIS = YES;
				CLANG_WARN_STRICT_PROTOTYPES = YES;
				CLANG_WARN_SUSPICIOUS_MOVE = YES;
				CLANG_WARN_UNGUARDED_AVAILABILITY = YES_AGGRESSIVE;
				CLANG_WARN_UNREACHABLE_CODE = YES;
				CLANG_WARN__DUPLICATE_METHOD_MATCH = YES;
				COPY_PHASE_STRIP = NO;
				DEBUG_INFORMATION_FORMAT = dwarf;
				DEVELOPMENT_TEAM = D6MFYYVHA8;
				ENABLE_STRICT_OBJC_MSGSEND = YES;
				ENABLE_TESTABILITY = YES;
				ENABLE_USER_SCRIPT_SANDBOXING = YES;
				GCC_C_LANGUAGE_STANDARD = gnu17;
				GCC_DYNAMIC_NO_PIC = NO;
				GCC_NO_COMMON_BLOCKS = YES;
				GCC_OPTIMIZATION_LEVEL = 0;
				GCC_PREPROCESSOR_DEFINITIONS = (
					"DEBUG=1",
					"$(inherited)",
				);
				GCC_WARN_64_TO_32_BIT_CONVERSION = YES;
				GCC_WARN_ABOUT_RETURN_TYPE = YES_ERROR;
				GCC_WARN_UNDECLARED_SELECTOR = YES;
				GCC_WARN_UNINITIALIZED_AUTOS = YES_AGGRESSIVE;
				GCC_WARN_UNUSED_FUNCTION = YES;
				GCC_WARN_UNUSED_VARIABLE = YES;
				IPHONEOS_DEPLOYMENT_TARGET = 18.4;
				LOCALIZATION_PREFERS_STRING_CATALOGS = YES;
				MTL_ENABLE_DEBUG_INFO = INCLUDE_SOURCE;
				MTL_FAST_MATH = YES;
				ONLY_ACTIVE_ARCH = YES;
				SDKROOT = iphoneos;
				SWIFT_ACTIVE_COMPILATION_CONDITIONS = "DEBUG $(inherited)";
				SWIFT_OPTIMIZATION_LEVEL = "-Onone";
			};
			name = Debug;
		};
		F5EC46D42E346114003F9BBF /* Release */ = {
			isa = XCBuildConfiguration;
			buildSettings = {
				ALWAYS_SEARCH_USER_PATHS = NO;
				ASSETCATALOG_COMPILER_GENERATE_SWIFT_ASSET_SYMBOL_EXTENSIONS = YES;
				CLANG_ANALYZER_NONNULL = YES;
				CLANG_ANALYZER_NUMBER_OBJECT_CONVERSION = YES_AGGRESSIVE;
				CLANG_CXX_LANGUAGE_STANDARD = "gnu++20";
				CLANG_ENABLE_MODULES = YES;
				CLANG_ENABLE_OBJC_ARC = YES;
				CLANG_ENABLE_OBJC_WEAK = YES;
				CLANG_WARN_BLOCK_CAPTURE_AUTORELEASING = YES;
				CLANG_WARN_BOOL_CONVERSION = YES;
				CLANG_WARN_COMMA = YES;
				CLANG_WARN_CONSTANT_CONVERSION = YES;
				CLANG_WARN_DEPRECATED_OBJC_IMPLEMENTATIONS = YES;
				CLANG_WARN_DIRECT_OBJC_ISA_USAGE = YES_ERROR;
				CLANG_WARN_DOCUMENTATION_COMMENTS = YES;
				CLANG_WARN_EMPTY_BODY = YES;
				CLANG_WARN_ENUM_CONVERSION = YES;
				CLANG_WARN_INFINITE_RECURSION = YES;
				CLANG_WARN_INT_CONVERSION = YES;
				CLANG_WARN_NON_LITERAL_NULL_CONVERSION = YES;
				CLANG_WARN_OBJC_IMPLICIT_RETAIN_SELF = YES;
				CLANG_WARN_OBJC_LITERAL_CONVERSION = YES;
				CLANG_WARN_OBJC_ROOT_CLASS = YES_ERROR;
				CLANG_WARN_QUOTED_INCLUDE_IN_FRAMEWORK_HEADER = YES;
				CLANG_WARN_RANGE_LOOP_ANALYSIS = YES;
				CLANG_WARN_STRICT_PROTOTYPES = YES;
				CLANG_WARN_SUSPICIOUS_MOVE = YES;
				CLANG_WARN_UNGUARDED_AVAILABILITY = YES_AGGRESSIVE;
				CLANG_WARN_UNREACHABLE_CODE = YES;
				CLANG_WARN__DUPLICATE_METHOD_MATCH = YES;
				COPY_PHASE_STRIP = NO;
				DEBUG_INFORMATION_FORMAT = "dwarf-with-dsym";
				DEVELOPMENT_TEAM = D6MFYYVHA8;
				ENABLE_NS_ASSERTIONS = NO;
				ENABLE_STRICT_OBJC_MSGSEND = YES;
				ENABLE_USER_SCRIPT_SANDBOXING = YES;
				GCC_C_LANGUAGE_STANDARD = gnu17;
				GCC_NO_COMMON_BLOCKS = YES;
				GCC_WARN_64_TO_32_BIT_CONVERSION = YES;
				GCC_WARN_ABOUT_RETURN_TYPE = YES_ERROR;
				GCC_WARN_UNDECLARED_SELECTOR = YES;
				GCC_WARN_UNINITIALIZED_AUTOS = YES_AGGRESSIVE;
				GCC_WARN_UNUSED_FUNCTION = YES;
				GCC_WARN_UNUSED_VARIABLE = YES;
				IPHONEOS_DEPLOYMENT_TARGET = 18.4;
				LOCALIZATION_PREFERS_STRING_CATALOGS = YES;
				MTL_ENABLE_DEBUG_INFO = NO;
				MTL_FAST_MATH = YES;
				SDKROOT = iphoneos;
				SWIFT_COMPILATION_MODE = wholemodule;
				VALIDATE_PRODUCT = YES;
			};
			name = Release;
		};
		F5EC46D62E346114003F9BBF /* Debug */ = {
			isa = XCBuildConfiguration;
			buildSettings = {
				ASSETCATALOG_COMPILER_APPICON_NAME = AppIcon;
				ASSETCATALOG_COMPILER_GLOBAL_ACCENT_COLOR_NAME = AccentColor;
				CODE_SIGN_STYLE = Automatic;
				CURRENT_PROJECT_VERSION = 1;
				DEVELOPMENT_TEAM = D6MFYYVHA8;
				ENABLE_PREVIEWS = YES;
				GENERATE_INFOPLIST_FILE = YES;
				INFOPLIST_KEY_UIApplicationSceneManifest_Generation = YES;
				INFOPLIST_KEY_UIApplicationSupportsIndirectInputEvents = YES;
				INFOPLIST_KEY_UILaunchScreen_Generation = YES;
				INFOPLIST_KEY_UISupportedInterfaceOrientations_iPad = "UIInterfaceOrientationPortrait UIInterfaceOrientationPortraitUpsideDown UIInterfaceOrientationLandscapeLeft UIInterfaceOrientationLandscapeRight";
				INFOPLIST_KEY_UISupportedInterfaceOrientations_iPhone = "UIInterfaceOrientationPortrait UIInterfaceOrientationLandscapeLeft UIInterfaceOrientationLandscapeRight";
				IPHONEOS_DEPLOYMENT_TARGET = 16.1;
				LD_RUNPATH_SEARCH_PATHS = (
					"$(inherited)",
					"@executable_path/Frameworks",
				);
				MARKETING_VERSION = 1.0;
				PRODUCT_BUNDLE_IDENTIFIER = com.jayagra.methodiqal;
				PRODUCT_NAME = "$(TARGET_NAME)";
				SWIFT_EMIT_LOC_STRINGS = YES;
				SWIFT_VERSION = 5.0;
				TARGETED_DEVICE_FAMILY = "1,2";
			};
			name = Debug;
		};
		F5EC46D72E346114003F9BBF /* Release */ = {
			isa = XCBuildConfiguration;
			buildSettings = {
				ASSETCATALOG_COMPILER_APPICON_NAME = AppIcon;
				ASSETCATALOG_COMPILER_GLOBAL_ACCENT_COLOR_NAME = AccentColor;
				CODE_SIGN_STYLE = Automatic;
				CURRENT_PROJECT_VERSION = 1;
				DEVELOPMENT_TEAM = D6MFYYVHA8;
				ENABLE_PREVIEWS = YES;
				GENERATE_INFOPLIST_FILE = YES;
				INFOPLIST_KEY_UIApplicationSceneManifest_Generation = YES;
				INFOPLIST_KEY_UIApplicationSupportsIndirectInputEvents = YES;
				INFOPLIST_KEY_UILaunchScreen_Generation = YES;
				INFOPLIST_KEY_UISupportedInterfaceOrientations_iPad = "UIInterfaceOrientationPortrait UIInterfaceOrientationPortraitUpsideDown UIInterfaceOrientationLandscapeLeft UIInterfaceOrientationLandscapeRight";
				INFOPLIST_KEY_UISupportedInterfaceOrientations_iPhone = "UIInterfaceOrientationPortrait UIInterfaceOrientationLandscapeLeft UIInterfaceOrientationLandscapeRight";
				IPHONEOS_DEPLOYMENT_TARGET = 16.1;
				LD_RUNPATH_SEARCH_PATHS = (
					"$(inherited)",
					"@executable_path/Frameworks",
				);
				MARKETING_VERSION = 1.0;
				PRODUCT_BUNDLE_IDENTIFIER = com.jayagra.methodiqal;
				PRODUCT_NAME = "$(TARGET_NAME)";
				SWIFT_EMIT_LOC_STRINGS = YES;
				SWIFT_VERSION = 5.0;
				TARGETED_DEVICE_FAMILY = "1,2";
			};
			name = Release;
		};
/* End XCBuildConfiguration section */

/* Begin XCConfigurationList section */
		F5EC46C52E346113003F9BBF /* Build configuration list for PBXProject "methodiqal" */ = {
			isa = XCConfigurationList;
			buildConfigurations = (
				F5EC46D32E346114003F9BBF /* Debug */,
				F5EC46D42E346114003F9BBF /* Release */,
			);
			defaultConfigurationIsVisible = 0;
			defaultConfigurationName = Release;
		};
		F5EC46D52E346114003F9BBF /* Build configuration list for PBXNativeTarget "methodiqal" */ = {
			isa = XCConfigurationList;
			buildConfigurations = (
				F5EC46D62E346114003F9BBF /* Debug */,
				F5EC46D72E346114003F9BBF /* Release */,
			);
			defaultConfigurationIsVisible = 0;
			defaultConfigurationName = Release;
		};
/* End XCConfigurationList section */
	};
	rootObject = F5EC46C22E346113003F9BBF /* Project object */;
}
